
Microsoft Visual Studio Solution File, Format Version 12.00
# Visual Studio Version 17
VisualStudioVersion = 17.3.32929.385
MinimumVisualStudioVersion = 10.0.40219.1
Project("{FAE04EC0-301F-11D3-BF4B-00C04F79EFBC}") = "money-maker", "money-maker\money-maker.csproj", "{5FCECB9F-84CB-4A90-8E0A-D55E40505455}"
EndProject
Global
	GlobalSection(SolutionConfigurationPlatforms) = preSolution
		Debug|Any CPU = Debug|Any CPU
		Release|Any CPU = Release|Any CPU
	EndGlobalSection
	GlobalSection(ProjectConfigurationPlatforms) = postSolution
		{5FCECB9F-84CB-4A90-8E0A-D55E40505455}.Debug|Any CPU.ActiveCfg = Debug|Any CPU
		{5FCECB9F-84CB-4A90-8E0A-D55E40505455}.Debug|Any CPU.Build.0 = Debug|Any CPU
		{5FCECB9F-84CB-4A90-8E0A-D55E40505455}.Release|Any CPU.ActiveCfg = Release|Any CPU
		{5FCECB9F-84CB-4A90-8E0A-D55E40505455}.Release|Any CPU.Build.0 = Release|Any CPU
	EndGlobalSection
	GlobalSection(SolutionProperties) = preSolution
		HideSolutionNode = FALSE
	EndGlobalSection
	GlobalSection(ExtensibilityGlobals) = postSolution
		SolutionGuid = {BB79DC2C-8499-42C3-87FA-C8B5AF2127F9}
	EndGlobalSection
EndGlobal
